# @generated - this file is auto-generated by `mise lock` https://mise.jdx.dev/dev-tools/mise-lock.html

[[tools."http:azure-mcp"]]
version = "3.0.0-beta.10"
backend = "http:azure-mcp"

[tools."http:azure-mcp"."platforms.linux-arm64"]
checksum = "sha256:2b5411a63e7f473671da6ae6b670799465fd0a86800bea51546aaa1ed5d69dc6"
url = "https://github.com/microsoft/mcp/releases/download/Azure.Mcp.Server-3.0.0-beta.10/Azure.Mcp.Server-linux-arm64.zip"

[tools."http:azure-mcp"."platforms.linux-x64"]
checksum = "sha256:db0ae9c9356e9d3e787580f56ac7150d14d6d80379369a15faadd452de5d4128"
url = "https://github.com/microsoft/mcp/releases/download/Azure.Mcp.Server-3.0.0-beta.10/Azure.Mcp.Server-linux-x64-native.zip"

[tools."http:azure-mcp"."platforms.macos-arm64"]
checksum = "sha256:df7ae0f9f9c807f54965b54a4cfedbf3cdbd05b7039df9da60530ec8f2c5cc4c"
url = "https://github.com/microsoft/mcp/releases/download/Azure.Mcp.Server-3.0.0-beta.10/Azure.Mcp.Server-osx-arm64.zip"

[tools."http:azure-mcp"."platforms.macos-x64"]
checksum = "sha256:79b4fab22a5b03b21d1b1f7c905ffc18ba472f57d5495aa798be2b130b1ae379"
url = "https://github.com/microsoft/mcp/releases/download/Azure.Mcp.Server-3.0.0-beta.10/Azure.Mcp.Server-osx-x64.zip"

[[tools."http:twg"]]
version = "1.1.1"
backend = "http:twg"

[tools."http:twg"."platforms.linux-arm64"]
checksum = "sha256:8de4d5ad3fe2c35cf03bdb07333964169b51969ff9f8c13b94248222c9be0bc4"
url = "https://teamwork-graph.atlassian.com/cli/twg-linux-arm64-v1.1.1"

[tools."http:twg"."platforms.linux-x64"]
checksum = "sha256:226104f5497dfa2305d75f9f3efc174ac0f7752ad74f4c964b70d57cc6a69a17"
url = "https://teamwork-graph.atlassian.com/cli/twg-linux-x64-v1.1.1"

[tools."http:twg"."platforms.macos-arm64"]
checksum = "sha256:9f7cfab754ac759cb5b04ee88661c0ce21375414ec88283d6d6f098dd20aaf83"
url = "https://teamwork-graph.atlassian.com/cli/twg-darwin-arm64-v1.1.1"

[tools."http:twg"."platforms.macos-x64"]
checksum = "sha256:4037a9ace273e9e9d61e6ad2063b273de6d79f5fd7b116096d484a30e8522873"
url = "https://teamwork-graph.atlassian.com/cli/twg-darwin-x64-v1.1.1"

[[tools."npm:@azure-devops/mcp"]]
version = "2.9.0"
backend = "npm:@azure-devops/mcp"

[[tools."npm:figma-developer-mcp"]]
version = "0.13.2"
backend = "npm:figma-developer-mcp"

[[tools."npm:kusto-mcp"]]
version = "1.14.0"
backend = "npm:kusto-mcp"
[[tools."pipx:azure-cli"]]
version = "2.89.0"
backend = "pipx:azure-cli"
