# @generated - this file is auto-generated by `mise lock` https://mise.jdx.dev/dev-tools/mise-lock.html

[[tools."aqua:aws/aws-cli"]]
version = "2.36.31"
backend = "aqua:aws/aws-cli"

[tools."aqua:aws/aws-cli"."platforms.linux-arm64"]
url = "https://awscli.amazonaws.com/awscli-exe-linux-aarch64-2.36.31.zip"

[tools."aqua:aws/aws-cli"."platforms.linux-x64"]
url = "https://awscli.amazonaws.com/awscli-exe-linux-x86_64-2.36.31.zip"

[tools."aqua:aws/aws-cli"."platforms.macos-arm64"]
url = "https://awscli.amazonaws.com/AWSCLIV2-2.36.31.pkg"

[tools."aqua:aws/aws-cli"."platforms.macos-x64"]
url = "https://awscli.amazonaws.com/AWSCLIV2-2.36.31.pkg"
