# @generated - this file is auto-generated by `mise lock` https://mise.jdx.dev/dev-tools/mise-lock.html

[[tools."aqua:aws/aws-cli"]]
version = "2.36.30"
backend = "aqua:aws/aws-cli"

[tools."aqua:aws/aws-cli"."platforms.linux-arm64"]
url = "https://awscli.amazonaws.com/awscli-exe-linux-aarch64-2.36.30.zip"

[tools."aqua:aws/aws-cli"."platforms.linux-x64"]
url = "https://awscli.amazonaws.com/awscli-exe-linux-x86_64-2.36.30.zip"

[tools."aqua:aws/aws-cli"."platforms.macos-arm64"]
checksum = "blake3:0efe3e7b2891d4b5ea15e393e93404cf937c5d958a4ec87826d3fbbec9b4a7b9"
url = "https://awscli.amazonaws.com/AWSCLIV2-2.36.30.pkg"

[tools."aqua:aws/aws-cli"."platforms.macos-x64"]
url = "https://awscli.amazonaws.com/AWSCLIV2-2.36.30.pkg"
