# @generated - this file is auto-generated by `mise lock` https://mise.jdx.dev/dev-tools/mise-lock.html

[[tools.gcloud]]
version = "580.0.0"
backend = "vfox:mise-plugins/vfox-gcloud"

[tools.gcloud."platforms.linux-arm64"]
url = "https://storage.googleapis.com/cloud-sdk-release/google-cloud-sdk-580.0.0-linux-arm.tar.gz"

[tools.gcloud."platforms.linux-x64"]
url = "https://storage.googleapis.com/cloud-sdk-release/google-cloud-sdk-580.0.0-linux-x86_64.tar.gz"

[tools.gcloud."platforms.macos-arm64"]
url = "https://storage.googleapis.com/cloud-sdk-release/google-cloud-sdk-580.0.0-darwin-arm.tar.gz"

[tools.gcloud."platforms.macos-x64"]
url = "https://storage.googleapis.com/cloud-sdk-release/google-cloud-sdk-580.0.0-darwin-x86_64.tar.gz"

[[tools."http:twg"]]
version = "1.2.5"
backend = "http:twg"

[tools."http:twg"."platforms.linux-arm64"]
checksum = "sha256:7aa79b501ef2b8d4c1c0c668e6fba77164c66b7f0c77839f3265b4ea2d425c99"
url = "https://teamwork-graph.atlassian.com/cli/twg-linux-arm64-v1.2.5"

[tools."http:twg"."platforms.linux-x64"]
checksum = "sha256:be73582744d8549538ac6652fd900ebb8d8a7db14d865e39c61defd57352e784"
url = "https://teamwork-graph.atlassian.com/cli/twg-linux-x64-v1.2.5"

[tools."http:twg"."platforms.macos-arm64"]
checksum = "sha256:bc17b9c058da19ae5725ae5d8aa9b26dd539b6982bdf864dff5424d112a9b6f6"
url = "https://teamwork-graph.atlassian.com/cli/twg-darwin-arm64-v1.2.5"

[tools."http:twg"."platforms.macos-x64"]
checksum = "sha256:d696728925e7abd2f97c170ffdfc16b9d677592028583f8780b3e59de04d9e5d"
url = "https://teamwork-graph.atlassian.com/cli/twg-darwin-x64-v1.2.5"

[[tools."npm:@azure-devops/mcp"]]
version = "2.9.0"
backend = "npm:@azure-devops/mcp"

[[tools."npm:@azure/mcp"]]
version = "3.0.0-beta.35"
backend = "npm:@azure/mcp"

[[tools."npm:figma-developer-mcp"]]
version = "0.13.2"
backend = "npm:figma-developer-mcp"

[[tools."npm:kusto-mcp"]]
version = "1.14.0"
backend = "npm:kusto-mcp"

[[tools."pipx:azure-cli"]]
version = "2.89.1"
backend = "pipx:azure-cli"

[[tools."pipx:snowflake-cli"]]
version = "3.24.1"
backend = "pipx:snowflake-cli"
