# @generated - this file is auto-generated by `mise lock` https://mise.jdx.dev/dev-tools/mise-lock.html

[[tools."aqua:aws/aws-cli"]]
version = "2.37.7"
backend = "aqua:aws/aws-cli"

[tools."aqua:aws/aws-cli"."platforms.linux-arm64"]
url = "https://awscli.amazonaws.com/awscli-exe-linux-aarch64-2.37.7.zip"

[tools."aqua:aws/aws-cli"."platforms.linux-x64"]
url = "https://awscli.amazonaws.com/awscli-exe-linux-x86_64-2.37.7.zip"

[tools."aqua:aws/aws-cli"."platforms.macos-arm64"]
url = "https://awscli.amazonaws.com/AWSCLIV2-2.37.7.pkg"

[tools."aqua:aws/aws-cli"."platforms.macos-x64"]
url = "https://awscli.amazonaws.com/AWSCLIV2-2.37.7.pkg"

[[tools."aqua:opentofu/opentofu"]]
version = "1.13.0"
backend = "aqua:opentofu/opentofu"

[tools."aqua:opentofu/opentofu"."platforms.linux-arm64"]
checksum = "sha256:ea1c9a95e38d5d890b2eccbeec4d65481ad56bf6775dfbb15c4d9e34ff793dc6"
url = "https://github.com/opentofu/opentofu/releases/download/v1.13.0/tofu_1.13.0_linux_arm64.tar.gz"
url_api = "https://api.github.com/repos/opentofu/opentofu/releases/assets/601021551"

[tools."aqua:opentofu/opentofu"."platforms.linux-x64"]
checksum = "sha256:1f0cb37fc85dea4e7633a72aca2332b801f72650a32be911b8b9b32907f214fb"
url = "https://github.com/opentofu/opentofu/releases/download/v1.13.0/tofu_1.13.0_linux_amd64.tar.gz"
url_api = "https://api.github.com/repos/opentofu/opentofu/releases/assets/601021472"

[tools."aqua:opentofu/opentofu"."platforms.macos-arm64"]
checksum = "sha256:b30ee6ee0b40545673b2934f0f0cdbd785d02b58d8930aab0e1679eda76cd7e4"
url = "https://github.com/opentofu/opentofu/releases/download/v1.13.0/tofu_1.13.0_darwin_arm64.tar.gz"
url_api = "https://api.github.com/repos/opentofu/opentofu/releases/assets/601021648"

[tools."aqua:opentofu/opentofu"."platforms.macos-x64"]
checksum = "sha256:a50f8666d6c82aab5696d9453222f5d9ebea1f19e4d47bab5b0581c24935e978"
url = "https://github.com/opentofu/opentofu/releases/download/v1.13.0/tofu_1.13.0_darwin_amd64.tar.gz"
url_api = "https://api.github.com/repos/opentofu/opentofu/releases/assets/601021470"

[[tools."pipx:ansible-core"]]
version = "2.21.4"
backend = "pipx:ansible-core"

[[tools."pipx:ansible-lint"]]
version = "26.9.0"
backend = "pipx:ansible-lint"
