{
  "name": "nix-readseek-wrapper",
  "version": "0.9.10",
  "lockfileVersion": 3,
  "requires": true,
  "packages": {
    "": {
      "name": "nix-readseek-wrapper",
      "version": "0.9.10",
      "dependencies": {
        "@jarkkojs/readseek": "0.9.10"
      }
    },
    "node_modules/@jarkkojs/readseek": {
      "version": "0.9.10",
      "resolved": "https://registry.npmjs.org/@jarkkojs/readseek/-/readseek-0.9.10.tgz",
      "integrity": "sha512-MRMlJzTAOw5Dm/SlbpMaoSMcu3j4ee9F09+YWg5YdvePsJ2aKR5X8iwx4fH0l12H0vZyyFTKoB/2Z5DdDrEz3A==",
      "license": "Apache-2.0 AND LGPL-2.1-or-later",
      "bin": {
        "readseek": "bin/readseek.js"
      },
      "engines": {
        "node": ">=18"
      },
      "optionalDependencies": {
        "@jarkkojs/readseek-darwin-arm64": "0.9.10",
        "@jarkkojs/readseek-linux-arm64": "0.9.10",
        "@jarkkojs/readseek-linux-x64": "0.9.10",
        "@jarkkojs/readseek-win32-x64": "0.9.10"
      }
    },
    "node_modules/@jarkkojs/readseek-darwin-arm64": {
      "version": "0.9.10",
      "resolved": "https://registry.npmjs.org/@jarkkojs/readseek-darwin-arm64/-/readseek-darwin-arm64-0.9.10.tgz",
      "integrity": "sha512-kgOVgCKZZ2e3r0oAKa6P9Ed9NQqCAXTrZgy9ttwEf2Gi87CNxG/yNpgYKjnOqz6xJT/WUjOhXr4JSyJh7mEUcA==",
      "cpu": [
        "arm64"
      ],
      "license": "Apache-2.0 AND LGPL-2.1-or-later",
      "optional": true,
      "os": [
        "darwin"
      ],
      "bin": {
        "readseek": "bin/readseek"
      }
    },
    "node_modules/@jarkkojs/readseek-linux-arm64": {
      "version": "0.9.10",
      "resolved": "https://registry.npmjs.org/@jarkkojs/readseek-linux-arm64/-/readseek-linux-arm64-0.9.10.tgz",
      "integrity": "sha512-9Wm3HY+NG9WzBpACaTyeM0ozfnLAQUWTLQoTPJs79pzXrn1XfOzBO40y7Zcuhi1abVIC8t6SEqQOqOeNT7HiWw==",
      "cpu": [
        "arm64"
      ],
      "license": "Apache-2.0 AND LGPL-2.1-or-later",
      "optional": true,
      "os": [
        "linux"
      ],
      "bin": {
        "readseek": "bin/readseek"
      }
    },
    "node_modules/@jarkkojs/readseek-linux-x64": {
      "version": "0.9.10",
      "resolved": "https://registry.npmjs.org/@jarkkojs/readseek-linux-x64/-/readseek-linux-x64-0.9.10.tgz",
      "integrity": "sha512-5byzTI+RqNUleNRDzD31psuNZ4fJBLWdgI/11nRLPmC/cDefehOOMlFNYjmFiMppVntdMkZXCv1+CXfmvyEdJg==",
      "cpu": [
        "x64"
      ],
      "license": "Apache-2.0 AND LGPL-2.1-or-later",
      "optional": true,
      "os": [
        "linux"
      ],
      "bin": {
        "readseek": "bin/readseek"
      }
    },
    "node_modules/@jarkkojs/readseek-win32-x64": {
      "version": "0.9.10",
      "resolved": "https://registry.npmjs.org/@jarkkojs/readseek-win32-x64/-/readseek-win32-x64-0.9.10.tgz",
      "integrity": "sha512-BMXsHuOpPCsIqk6wjmx4gXaljUSmhzS5TgR15Jnz1r0Qt9d/Xca7mtPem2zfC5MGw39We453OwVPeOSn8RGLuA==",
      "cpu": [
        "x64"
      ],
      "license": "Apache-2.0 AND LGPL-2.1-or-later",
      "optional": true,
      "os": [
        "win32"
      ],
      "bin": {
        "readseek": "bin/readseek.exe"
      }
    }
  }
}
